<?xml version="1.0" encoding="utf-8"?>
<Project ToolsVersion="4.0" xmlns="http://schemas.microsoft.com/developer/msbuild/2003">
  <ItemGroup>
    <ClCompile Include="engine\find\how\SFindHow.cpp" />
    <ClCompile Include="engine\find\how\SFindHowBetween.cpp" />
    <ClCompile Include="engine\find\how\SFindHowEqual.cpp" />
    <ClCompile Include="engine\find\method\fast\SFastWorker.cpp" />
    <ClCompile Include="engine\find\method\SFindMethodFast.cpp" />
    <ClCompile Include="engine\find\method\SFindMethod.cpp" />
    <ClCompile Include="engine\find\what\SFindInteger.cpp" />
    <ClCompile Include="engine\find\what\SFindDouble.cpp" />
    <ClCompile Include="engine\find\what\SFindString.cpp" />
    <ClCompile Include="engine\find\what\SFindWhat.cpp" />
    <ClCompile Include="engine\memory\SMemoryAccessor.cpp" />
    <ClCompile Include="engine\memory\SMemoryExternalAccessor.cpp" />
    <ClCompile Include="engine\memory\SMemoryInternalAccessor.cpp" />
    <ClCompile Include="engine\memory\SMemoryPtr.cpp" />
    <ClCompile Include="engine\operation\SOperation.cpp" />
    <ClCompile Include="engine\operation\SOptScanning.cpp" />
    <ClCompile Include="engine\process\SProcess.cpp" />
    <ClCompile Include="main.cpp" />
    <ClCompile Include="mybase\log\CustomLogMessageHandler.cpp" />
    <ClCompile Include="mybase\log\SLogAction.cpp" />
    <ClCompile Include="mybase\microsoft\SWinFormat.cpp" />
    <ClCompile Include="mybase\settings\GlobalSettings.cpp" />
    <ClCompile Include="mybase\utility\Elapsed.cpp" />
    <ClCompile Include="mybase\utility\Random.cpp" />
    <ClCompile Include="mybase\microsoft\SLastError.cpp" />
    <ClCompile Include="engine\find\method\SFindMethodParallel.cpp">
      <Filter>Source Files</Filter>
    </ClCompile>
    <ClCompile Include="engine\find\method\parallel\SParallelQueryRegion.cpp">
      <Filter>Source Files</Filter>
    </ClCompile>
    <ClCompile Include="engine\find\method\fast\SFastDispatcher.cpp">
      <Filter>Source Files</Filter>
    </ClCompile>
  </ItemGroup>
  <ItemGroup>
    <ClInclude Include="engine\find\method\fast\SFastWorker.h" />
    <ClInclude Include="engine\memory\SMemoryAccessor.h" />
    <ClInclude Include="engine\memory\SMemoryInternalAccessor.h" />
    <ClInclude Include="engine\memory\SMemoryExternalAccessor.h" />
    <ClInclude Include="engine\operation\SOptScanning.h" />
    <ClInclude Include="engine\process\SProcess.h" />
    <ClInclude Include="mybase\global.h" />
    <ClInclude Include="mybase\log\CustomLogMessageHandler.h" />
    <ClInclude Include="mybase\log\SLogAction.h" />
    <ClInclude Include="mybase\microsoft\ntdll\ntdll.h" />
    <ClInclude Include="mybase\microsoft\SWinFormat.h" />
    <ClInclude Include="mybase\settings\GlobalSettings.h" />
    <ClInclude Include="mybase\utility\assert.h" />
    <ClInclude Include="mybase\utility\Elapsed.h" />
    <ClInclude Include="mybase\utility\Random.h" />
    <ClInclude Include="mybase\utility\utility.h" />
    <ClInclude Include="mybase\version\version.auto.h" />
    <ClInclude Include="mybase\microsoft\SLastError.h" />
    <ClInclude Include="engine\find\method\parallel\SParallelQueryRegion.h">
      <Filter>Header Files</Filter>
    </ClInclude>
  </ItemGroup>
  <ItemGroup>
    <Library Include="mybase\microsoft\ntdll\ntdll_x64.lib" />
    <Library Include="mybase\microsoft\ntdll\ntdll_x86.lib" />
  </ItemGroup>
  <ItemGroup>
    <QtMoc Include="engine\find\what\SFindWhat.h" />
    <QtMoc Include="engine\find\what\SFindInteger.h" />
    <QtMoc Include="engine\find\what\SFindDouble.h" />
    <QtMoc Include="engine\find\how\SFindHow.h" />
    <QtMoc Include="engine\find\what\SFindString.h" />
    <QtMoc Include="engine\find\method\SFindMethod.h" />
    <QtMoc Include="engine\find\how\SFindHowEqual.h" />
    <QtMoc Include="engine\find\method\SFindMethodFast.h" />
    <QtMoc Include="engine\find\how\SFindHowBetween.h" />
    <QtMoc Include="engine\operation\SOperation.h" />
    <QtMoc Include="engine\memory\SMemoryPtr.h" />
    <QtMoc Include="engine\find\method\SFindMethodParallel.h">
      <Filter>Header Files</Filter>
    </QtMoc>
    <QtMoc Include="engine\find\method\fast\SFastDispatcher.h">
      <Filter>Header Files</Filter>
    </QtMoc>
  </ItemGroup>
  <ItemGroup>
    <Filter Include="Header Files">
      <UniqueIdentifier>{93995380-89BD-4b04-88EB-625FBE52EBFB}</UniqueIdentifier>
      <Extensions>h;hh;hpp;hxx;hm;inl;inc;xsd</Extensions>
      <ParseFiles>true</ParseFiles>
    </Filter>
    <Filter Include="Source Files">
      <UniqueIdentifier>{4FC737F1-C7A5-4376-A066-2A32D752A2FF}</UniqueIdentifier>
      <Extensions>cpp;c;cc;cxx;def;odl;idl;hpj;bat;asm;asmx</Extensions>
      <ParseFiles>true</ParseFiles>
    </Filter>
  </ItemGroup>
</Project>